Microsoft Visual Studio Solution File, Format Version 12.00
# Visual Studio 2013
VisualStudioVersion = 12.0.21005.1
MinimumVisualStudioVersion = 10.0.40219.1
Project("{2150E333-8FDC-42A3-9474-1A3956D46DE8}") = "Gallio", "Gallio", "{00CE3107-C47F-4D2B-986B-763181832B51}"
EndProject
Project("{2150E333-8FDC-42A3-9474-1A3956D46DE8}") = "MbUnit", "MbUnit", "{4D506DA5-13C1-4B1F-9018-4FDCA066993A}"
EndProject
Project("{2150E333-8FDC-42A3-9474-1A3956D46DE8}") = "Extensions", "Extensions", "{5228D234-E4B0-467B-B6C8-FF06B0A98FAF}"
EndProject
Project("{2150E333-8FDC-42A3-9474-1A3956D46DE8}") = "CCNet", "CCNet", "{1D245366-4B41-498E-A42A-4B722428437E}"
EndProject
Project("{2150E333-8FDC-42A3-9474-1A3956D46DE8}") = "MSBuild", "MSBuild", "{C8B72F29-32A8-4179-80C8-818C10E584B5}"
EndProject
Project("{2150E333-8FDC-42A3-9474-1A3956D46DE8}") = "PowerShell", "PowerShell", "{C1A81AAA-E6F1-4F02-A1C6-A580A746AA38}"
EndProject
Project("{2150E333-8FDC-42A3-9474-1A3956D46DE8}") = "docs", "docs", "{520F7B99-3CD9-495A-B410-656864ADD813}"
	ProjectSection(SolutionItems) = preProject
		Extensions\CCNet\docs\How to use Gallio with CruiseControl.Net.txt = Extensions\CCNet\docs\How to use Gallio with CruiseControl.Net.txt
	EndProjectSection
EndProject
Project("{2150E333-8FDC-42A3-9474-1A3956D46DE8}") = "Echo", "Echo", "{6BA5CD5B-CAB6-4F07-A1A6-2701C6F92677}"
EndProject
Project("{2150E333-8FDC-42A3-9474-1A3956D46DE8}") = "Icarus", "Icarus", "{EF7C2792-A4BD-4BCC-93B4-3927303AA59C}"
EndProject
Project("{2150E333-8FDC-42A3-9474-1A3956D46DE8}") = "VisualStudio", "VisualStudio", "{0D06CCC5-943B-4778-B035-5F069E8C5E94}"
EndProject
Project("{2150E333-8FDC-42A3-9474-1A3956D46DE8}") = "Solution Items", "Solution Items", "{158A45EB-FBE2-4F6C-8804-5A913D56CC9B}"
	ProjectSection(SolutionItems) = preProject
		ApplyLicenseBoilerplate.bat = ApplyLicenseBoilerplate.bat
	EndProjectSection
EndProject
Project("{2150E333-8FDC-42A3-9474-1A3956D46DE8}") = "Navigator", "Navigator", "{25B3E188-1727-4549-BFC1-30702994BDBE}"
EndProject
Project("{FAE04EC0-301F-11D3-BF4B-00C04F79EFBC}") = "Gallio.Echo", "Extensions\Echo\Gallio.Echo\Gallio.Echo.csproj", "{22AE34D9-185F-41A7-A48D-205BE68B1F7D}"
EndProject
Project("{FAE04EC0-301F-11D3-BF4B-00C04F79EFBC}") = "Gallio.Icarus", "Extensions\Icarus\Gallio.Icarus\Gallio.Icarus.csproj", "{6C4AEA1A-CF85-4574-B24A-2C264ED0FEC3}"
EndProject
Project("{FAE04EC0-301F-11D3-BF4B-00C04F79EFBC}") = "Gallio.Echo.Tests", "Extensions\Echo\Gallio.Echo.Tests\Gallio.Echo.Tests.csproj", "{299970D4-781F-4778-BCF2-F53AE7D8B060}"
EndProject
Project("{FAE04EC0-301F-11D3-BF4B-00C04F79EFBC}") = "Gallio.Icarus.Tests", "Extensions\Icarus\Gallio.Icarus.Tests\Gallio.Icarus.Tests.csproj", "{A90A40C4-4D48-4D0B-BE9B-432510EB1057}"
EndProject
Project("{FAE04EC0-301F-11D3-BF4B-00C04F79EFBC}") = "Gallio", "Gallio\Gallio\Gallio.csproj", "{6CAB7735-05DA-480D-9A04-50615B00F886}"
EndProject
Project("{FAE04EC0-301F-11D3-BF4B-00C04F79EFBC}") = "Gallio.Tests", "Gallio\Gallio.Tests\Gallio.Tests.csproj", "{111FD89D-58A1-4445-B4A4-8A50D65DB714}"
EndProject
Project("{FAE04EC0-301F-11D3-BF4B-00C04F79EFBC}") = "MbUnit", "MbUnit\MbUnit\MbUnit.csproj", "{A9B54755-56B7-48C1-8941-BB69FCEFFF32}"
EndProject
Project("{FAE04EC0-301F-11D3-BF4B-00C04F79EFBC}") = "MbUnit.Tests", "MbUnit\MbUnit.Tests\MbUnit.Tests.csproj", "{321FD171-880D-472E-9912-EC844889E11A}"
EndProject
Project("{FAE04EC0-301F-11D3-BF4B-00C04F79EFBC}") = "MbUnit.Compatibility", "MbUnit\MbUnit.Compatibility\MbUnit.Compatibility.csproj", "{F588B51F-786A-48E2-950E-636062F9C302}"
EndProject
Project("{FAE04EC0-301F-11D3-BF4B-00C04F79EFBC}") = "Gallio.Host", "Gallio\Gallio.Host\Gallio.Host.csproj", "{35FFAF24-1019-4BE2-901D-02E627C757DC}"
EndProject
Project("{FAE04EC0-301F-11D3-BF4B-00C04F79EFBC}") = "MbUnit.TestResources", "MbUnit\MbUnit.TestResources\MbUnit.TestResources.csproj", "{9FFB657C-7099-4594-A1DD-6E9AC5D7171E}"
EndProject
Project("{FAE04EC0-301F-11D3-BF4B-00C04F79EFBC}") = "Gallio.MSBuildTasks", "Extensions\MSBuild\Gallio.MSBuildTasks\Gallio.MSBuildTasks.csproj", "{B3601484-0AB7-424F-BA81-A8CC809AB41A}"
EndProject
Project("{FAE04EC0-301F-11D3-BF4B-00C04F79EFBC}") = "Gallio.MSBuildTasks.Tests", "Extensions\MSBuild\Gallio.MSBuildTasks.Tests\Gallio.MSBuildTasks.Tests.csproj", "{9803265F-B0AF-4171-A770-0871CD2A593E}"
EndProject
Project("{FAE04EC0-301F-11D3-BF4B-00C04F79EFBC}") = "Gallio.PowerShellCommands", "Extensions\PowerShell\Gallio.PowerShellCommands\Gallio.PowerShellCommands.csproj", "{AA029EE0-D199-41D1-8D97-BDC5945B3CDD}"
EndProject
Project("{FAE04EC0-301F-11D3-BF4B-00C04F79EFBC}") = "Gallio.PowerShellCommands.Tests", "Extensions\PowerShell\Gallio.PowerShellCommands.Tests\Gallio.PowerShellCommands.Tests.csproj", "{52E0A229-CE15-4B72-8ACF-F17DCB929A64}"
EndProject
Project("{FAE04EC0-301F-11D3-BF4B-00C04F79EFBC}") = "CCNet.Gallio.WebDashboard.Plugin", "Extensions\CCNet\CCNet.Gallio.WebDashboard.Plugin\CCNet.Gallio.WebDashboard.Plugin.csproj", "{6E257D26-EAEA-4680-BC7A-34210A74E928}"
EndProject
Project("{FAE04EC0-301F-11D3-BF4B-00C04F79EFBC}") = "Gallio.Reports", "Gallio\Gallio.Reports\Gallio.Reports.csproj", "{399C33BF-A9F7-4390-8F9C-8EECF7814123}"
EndProject
Project("{FAE04EC0-301F-11D3-BF4B-00C04F79EFBC}") = "Gallio.Navigator", "Extensions\Navigator\Gallio.Navigator\Gallio.Navigator.csproj", "{9863B9FA-1DE6-48D5-A84D-FB8FE2025303}"
EndProject
Project("{FAE04EC0-301F-11D3-BF4B-00C04F79EFBC}") = "Gallio.Navigator.Tests", "Extensions\Navigator\Gallio.Navigator.Tests\Gallio.Navigator.Tests.csproj", "{22DB6C17-5E90-42C8-9621-E8BAB32EB656}"
EndProject
Project("{FAE04EC0-301F-11D3-BF4B-00C04F79EFBC}") = "Gallio.VisualStudio.Interop", "Extensions\VisualStudio\Gallio.VisualStudio.Interop\Gallio.VisualStudio.Interop.csproj", "{B6912CC5-1E73-46E0-8F09-7F135924E3E2}"
EndProject
Project("{FAE04EC0-301F-11D3-BF4B-00C04F79EFBC}") = "Gallio.UI", "Gallio\Gallio.UI\Gallio.UI.csproj", "{36B1F505-995B-41E7-AAC9-1E845B08F2D7}"
EndProject
Project("{FAE04EC0-301F-11D3-BF4B-00C04F79EFBC}") = "MbUnit.TestResources.x86", "MbUnit\MbUnit.TestResources.x86\MbUnit.TestResources.x86.csproj", "{45224C3F-B0F1-4D70-8516-B50100DEF79B}"
EndProject
Project("{FAE04EC0-301F-11D3-BF4B-00C04F79EFBC}") = "MbUnit.TestResources.x64", "MbUnit\MbUnit.TestResources.x64\MbUnit.TestResources.x64.csproj", "{192D2C12-9D5C-4D68-96BA-4CD28054E3BC}"
EndProject
Project("{FAE04EC0-301F-11D3-BF4B-00C04F79EFBC}") = "Gallio.Utility", "Extensions\Utility\Gallio.Utility\Gallio.Utility.csproj", "{EAA1CA6D-4078-4E7B-B605-1326E80EAA38}"
EndProject
Project("{FAE04EC0-301F-11D3-BF4B-00C04F79EFBC}") = "Gallio.ControlPanel", "Extensions\ControlPanel\Gallio.ControlPanel\Gallio.ControlPanel.csproj", "{1B1FCC31-612B-4591-9BAF-95892968CAA7}"
EndProject
Project("{FAE04EC0-301F-11D3-BF4B-00C04F79EFBC}") = "Gallio.VisualStudio.Interop.Tests", "Extensions\VisualStudio\Gallio.VisualStudio.Interop.Tests\Gallio.VisualStudio.Interop.Tests.csproj", "{8780AC10-ACEB-4CAB-A591-FF6C76D3E122}"
EndProject
Project("{FAE04EC0-301F-11D3-BF4B-00C04F79EFBC}") = "Gallio.UI.Tests", "Gallio\Gallio.UI.Tests\Gallio.UI.Tests.csproj", "{DC4DBE38-0ED0-4CD8-A722-9F2C109FE173}"
EndProject
Project("{2150E333-8FDC-42A3-9474-1A3956D46DE8}") = "Common", "Common", "{D4FE03EB-A2FD-4576-B093-A3112E21EB47}"
EndProject
Project("{FAE04EC0-301F-11D3-BF4B-00C04F79EFBC}") = "Gallio.Common.Splash", "Common\Gallio.Common.Splash\Gallio.Common.Splash.csproj", "{91DD0785-7D85-4366-AB05-9D00D4CC9415}"
EndProject
Project("{FAE04EC0-301F-11D3-BF4B-00C04F79EFBC}") = "Gallio.Common.Splash.Demo", "Common\Gallio.Common.Splash.Demo\Gallio.Common.Splash.Demo.csproj", "{DEB04EA9-72FC-4A8E-82EE-CB02AF8E553A}"
EndProject
Project("{FAE04EC0-301F-11D3-BF4B-00C04F79EFBC}") = "Gallio.Common.Splash.Tests", "Common\Gallio.Common.Splash.Tests\Gallio.Common.Splash.Tests.csproj", "{8E451FF0-F8DA-47E6-A787-E72CCF9CB542}"
EndProject
Global
	GlobalSection(SolutionConfigurationPlatforms) = preSolution
		Debug|Any CPU = Debug|Any CPU
		Release|Any CPU = Release|Any CPU
	EndGlobalSection
	GlobalSection(ProjectConfigurationPlatforms) = postSolution
		{22AE34D9-185F-41A7-A48D-205BE68B1F7D}.Debug|Any CPU.ActiveCfg = Debug|Any CPU
		{22AE34D9-185F-41A7-A48D-205BE68B1F7D}.Debug|Any CPU.Build.0 = Debug|Any CPU
		{22AE34D9-185F-41A7-A48D-205BE68B1F7D}.Release|Any CPU.ActiveCfg = Release|Any CPU
		{22AE34D9-185F-41A7-A48D-205BE68B1F7D}.Release|Any CPU.Build.0 = Release|Any CPU
		{6C4AEA1A-CF85-4574-B24A-2C264ED0FEC3}.Debug|Any CPU.ActiveCfg = Debug|Any CPU
		{6C4AEA1A-CF85-4574-B24A-2C264ED0FEC3}.Debug|Any CPU.Build.0 = Debug|Any CPU
		{6C4AEA1A-CF85-4574-B24A-2C264ED0FEC3}.Release|Any CPU.ActiveCfg = Release|Any CPU
		{6C4AEA1A-CF85-4574-B24A-2C264ED0FEC3}.Release|Any CPU.Build.0 = Release|Any CPU
		{299970D4-781F-4778-BCF2-F53AE7D8B060}.Debug|Any CPU.ActiveCfg = Debug|Any CPU
		{299970D4-781F-4778-BCF2-F53AE7D8B060}.Debug|Any CPU.Build.0 = Debug|Any CPU
		{299970D4-781F-4778-BCF2-F53AE7D8B060}.Release|Any CPU.ActiveCfg = Release|Any CPU
		{299970D4-781F-4778-BCF2-F53AE7D8B060}.Release|Any CPU.Build.0 = Release|Any CPU
		{A90A40C4-4D48-4D0B-BE9B-432510EB1057}.Debug|Any CPU.ActiveCfg = Debug|Any CPU
		{A90A40C4-4D48-4D0B-BE9B-432510EB1057}.Debug|Any CPU.Build.0 = Debug|Any CPU
		{A90A40C4-4D48-4D0B-BE9B-432510EB1057}.Release|Any CPU.ActiveCfg = Release|Any CPU
		{A90A40C4-4D48-4D0B-BE9B-432510EB1057}.Release|Any CPU.Build.0 = Release|Any CPU
		{6CAB7735-05DA-480D-9A04-50615B00F886}.Debug|Any CPU.ActiveCfg = Debug|Any CPU
		{6CAB7735-05DA-480D-9A04-50615B00F886}.Debug|Any CPU.Build.0 = Debug|Any CPU
		{6CAB7735-05DA-480D-9A04-50615B00F886}.Release|Any CPU.ActiveCfg = Release|Any CPU
		{6CAB7735-05DA-480D-9A04-50615B00F886}.Release|Any CPU.Build.0 = Release|Any CPU
		{111FD89D-58A1-4445-B4A4-8A50D65DB714}.Debug|Any CPU.ActiveCfg = Debug|Any CPU
		{111FD89D-58A1-4445-B4A4-8A50D65DB714}.Debug|Any CPU.Build.0 = Debug|Any CPU
		{111FD89D-58A1-4445-B4A4-8A50D65DB714}.Release|Any CPU.ActiveCfg = Release|Any CPU
		{111FD89D-58A1-4445-B4A4-8A50D65DB714}.Release|Any CPU.Build.0 = Release|Any CPU
		{A9B54755-56B7-48C1-8941-BB69FCEFFF32}.Debug|Any CPU.ActiveCfg = Debug|Any CPU
		{A9B54755-56B7-48C1-8941-BB69FCEFFF32}.Debug|Any CPU.Build.0 = Debug|Any CPU
		{A9B54755-56B7-48C1-8941-BB69FCEFFF32}.Release|Any CPU.ActiveCfg = Release|Any CPU
		{A9B54755-56B7-48C1-8941-BB69FCEFFF32}.Release|Any CPU.Build.0 = Release|Any CPU
		{321FD171-880D-472E-9912-EC844889E11A}.Debug|Any CPU.ActiveCfg = Debug|Any CPU
		{321FD171-880D-472E-9912-EC844889E11A}.Debug|Any CPU.Build.0 = Debug|Any CPU
		{321FD171-880D-472E-9912-EC844889E11A}.Release|Any CPU.ActiveCfg = Release|Any CPU
		{321FD171-880D-472E-9912-EC844889E11A}.Release|Any CPU.Build.0 = Release|Any CPU
		{F588B51F-786A-48E2-950E-636062F9C302}.Debug|Any CPU.ActiveCfg = Debug|Any CPU
		{F588B51F-786A-48E2-950E-636062F9C302}.Debug|Any CPU.Build.0 = Debug|Any CPU
		{F588B51F-786A-48E2-950E-636062F9C302}.Release|Any CPU.ActiveCfg = Release|Any CPU
		{F588B51F-786A-48E2-950E-636062F9C302}.Release|Any CPU.Build.0 = Release|Any CPU
		{35FFAF24-1019-4BE2-901D-02E627C757DC}.Debug|Any CPU.ActiveCfg = Debug|Any CPU
		{35FFAF24-1019-4BE2-901D-02E627C757DC}.Debug|Any CPU.Build.0 = Debug|Any CPU
		{35FFAF24-1019-4BE2-901D-02E627C757DC}.Release|Any CPU.ActiveCfg = Release|Any CPU
		{35FFAF24-1019-4BE2-901D-02E627C757DC}.Release|Any CPU.Build.0 = Release|Any CPU
		{9FFB657C-7099-4594-A1DD-6E9AC5D7171E}.Debug|Any CPU.ActiveCfg = Debug|Any CPU
		{9FFB657C-7099-4594-A1DD-6E9AC5D7171E}.Debug|Any CPU.Build.0 = Debug|Any CPU
		{9FFB657C-7099-4594-A1DD-6E9AC5D7171E}.Release|Any CPU.ActiveCfg = Release|Any CPU
		{9FFB657C-7099-4594-A1DD-6E9AC5D7171E}.Release|Any CPU.Build.0 = Release|Any CPU
		{B3601484-0AB7-424F-BA81-A8CC809AB41A}.Debug|Any CPU.ActiveCfg = Debug|Any CPU
		{B3601484-0AB7-424F-BA81-A8CC809AB41A}.Debug|Any CPU.Build.0 = Debug|Any CPU
		{B3601484-0AB7-424F-BA81-A8CC809AB41A}.Release|Any CPU.ActiveCfg = Release|Any CPU
		{B3601484-0AB7-424F-BA81-A8CC809AB41A}.Release|Any CPU.Build.0 = Release|Any CPU
		{9803265F-B0AF-4171-A770-0871CD2A593E}.Debug|Any CPU.ActiveCfg = Debug|Any CPU
		{9803265F-B0AF-4171-A770-0871CD2A593E}.Debug|Any CPU.Build.0 = Debug|Any CPU
		{9803265F-B0AF-4171-A770-0871CD2A593E}.Release|Any CPU.ActiveCfg = Release|Any CPU
		{9803265F-B0AF-4171-A770-0871CD2A593E}.Release|Any CPU.Build.0 = Release|Any CPU
		{AA029EE0-D199-41D1-8D97-BDC5945B3CDD}.Debug|Any CPU.ActiveCfg = Debug|Any CPU
		{AA029EE0-D199-41D1-8D97-BDC5945B3CDD}.Debug|Any CPU.Build.0 = Debug|Any CPU
		{AA029EE0-D199-41D1-8D97-BDC5945B3CDD}.Release|Any CPU.ActiveCfg = Release|Any CPU
		{AA029EE0-D199-41D1-8D97-BDC5945B3CDD}.Release|Any CPU.Build.0 = Release|Any CPU
		{52E0A229-CE15-4B72-8ACF-F17DCB929A64}.Debug|Any CPU.ActiveCfg = Debug|Any CPU
		{52E0A229-CE15-4B72-8ACF-F17DCB929A64}.Debug|Any CPU.Build.0 = Debug|Any CPU
		{52E0A229-CE15-4B72-8ACF-F17DCB929A64}.Release|Any CPU.ActiveCfg = Release|Any CPU
		{52E0A229-CE15-4B72-8ACF-F17DCB929A64}.Release|Any CPU.Build.0 = Release|Any CPU
		{6E257D26-EAEA-4680-BC7A-34210A74E928}.Debug|Any CPU.ActiveCfg = Debug|Any CPU
		{6E257D26-EAEA-4680-BC7A-34210A74E928}.Debug|Any CPU.Build.0 = Debug|Any CPU
		{6E257D26-EAEA-4680-BC7A-34210A74E928}.Release|Any CPU.ActiveCfg = Release|Any CPU
		{6E257D26-EAEA-4680-BC7A-34210A74E928}.Release|Any CPU.Build.0 = Release|Any CPU
		{399C33BF-A9F7-4390-8F9C-8EECF7814123}.Debug|Any CPU.ActiveCfg = Debug|Any CPU
		{399C33BF-A9F7-4390-8F9C-8EECF7814123}.Debug|Any CPU.Build.0 = Debug|Any CPU
		{399C33BF-A9F7-4390-8F9C-8EECF7814123}.Release|Any CPU.ActiveCfg = Release|Any CPU
		{399C33BF-A9F7-4390-8F9C-8EECF7814123}.Release|Any CPU.Build.0 = Release|Any CPU
		{9863B9FA-1DE6-48D5-A84D-FB8FE2025303}.Debug|Any CPU.ActiveCfg = Debug|Any CPU
		{9863B9FA-1DE6-48D5-A84D-FB8FE2025303}.Debug|Any CPU.Build.0 = Debug|Any CPU
		{9863B9FA-1DE6-48D5-A84D-FB8FE2025303}.Release|Any CPU.ActiveCfg = Release|Any CPU
		{9863B9FA-1DE6-48D5-A84D-FB8FE2025303}.Release|Any CPU.Build.0 = Release|Any CPU
		{22DB6C17-5E90-42C8-9621-E8BAB32EB656}.Debug|Any CPU.ActiveCfg = Debug|Any CPU
		{22DB6C17-5E90-42C8-9621-E8BAB32EB656}.Debug|Any CPU.Build.0 = Debug|Any CPU
		{22DB6C17-5E90-42C8-9621-E8BAB32EB656}.Release|Any CPU.ActiveCfg = Release|Any CPU
		{22DB6C17-5E90-42C8-9621-E8BAB32EB656}.Release|Any CPU.Build.0 = Release|Any CPU
		{B6912CC5-1E73-46E0-8F09-7F135924E3E2}.Debug|Any CPU.ActiveCfg = Debug|Any CPU
		{B6912CC5-1E73-46E0-8F09-7F135924E3E2}.Debug|Any CPU.Build.0 = Debug|Any CPU
		{B6912CC5-1E73-46E0-8F09-7F135924E3E2}.Release|Any CPU.ActiveCfg = Release|Any CPU
		{B6912CC5-1E73-46E0-8F09-7F135924E3E2}.Release|Any CPU.Build.0 = Release|Any CPU
		{36B1F505-995B-41E7-AAC9-1E845B08F2D7}.Debug|Any CPU.ActiveCfg = Debug|Any CPU
		{36B1F505-995B-41E7-AAC9-1E845B08F2D7}.Debug|Any CPU.Build.0 = Debug|Any CPU
		{36B1F505-995B-41E7-AAC9-1E845B08F2D7}.Release|Any CPU.ActiveCfg = Release|Any CPU
		{36B1F505-995B-41E7-AAC9-1E845B08F2D7}.Release|Any CPU.Build.0 = Release|Any CPU
		{45224C3F-B0F1-4D70-8516-B50100DEF79B}.Debug|Any CPU.ActiveCfg = Debug|Any CPU
		{45224C3F-B0F1-4D70-8516-B50100DEF79B}.Debug|Any CPU.Build.0 = Debug|Any CPU
		{45224C3F-B0F1-4D70-8516-B50100DEF79B}.Release|Any CPU.ActiveCfg = Release|Any CPU
		{45224C3F-B0F1-4D70-8516-B50100DEF79B}.Release|Any CPU.Build.0 = Release|Any CPU
		{192D2C12-9D5C-4D68-96BA-4CD28054E3BC}.Debug|Any CPU.ActiveCfg = Debug|Any CPU
		{192D2C12-9D5C-4D68-96BA-4CD28054E3BC}.Debug|Any CPU.Build.0 = Debug|Any CPU
		{192D2C12-9D5C-4D68-96BA-4CD28054E3BC}.Release|Any CPU.ActiveCfg = Release|Any CPU
		{192D2C12-9D5C-4D68-96BA-4CD28054E3BC}.Release|Any CPU.Build.0 = Release|Any CPU
		{EAA1CA6D-4078-4E7B-B605-1326E80EAA38}.Debug|Any CPU.ActiveCfg = Debug|Any CPU
		{EAA1CA6D-4078-4E7B-B605-1326E80EAA38}.Debug|Any CPU.Build.0 = Debug|Any CPU
		{EAA1CA6D-4078-4E7B-B605-1326E80EAA38}.Release|Any CPU.ActiveCfg = Release|Any CPU
		{EAA1CA6D-4078-4E7B-B605-1326E80EAA38}.Release|Any CPU.Build.0 = Release|Any CPU
		{1B1FCC31-612B-4591-9BAF-95892968CAA7}.Debug|Any CPU.ActiveCfg = Debug|Any CPU
		{1B1FCC31-612B-4591-9BAF-95892968CAA7}.Debug|Any CPU.Build.0 = Debug|Any CPU
		{1B1FCC31-612B-4591-9BAF-95892968CAA7}.Release|Any CPU.ActiveCfg = Release|Any CPU
		{1B1FCC31-612B-4591-9BAF-95892968CAA7}.Release|Any CPU.Build.0 = Release|Any CPU
		{8780AC10-ACEB-4CAB-A591-FF6C76D3E122}.Debug|Any CPU.ActiveCfg = Debug|Any CPU
		{8780AC10-ACEB-4CAB-A591-FF6C76D3E122}.Debug|Any CPU.Build.0 = Debug|Any CPU
		{8780AC10-ACEB-4CAB-A591-FF6C76D3E122}.Release|Any CPU.ActiveCfg = Release|Any CPU
		{8780AC10-ACEB-4CAB-A591-FF6C76D3E122}.Release|Any CPU.Build.0 = Release|Any CPU
		{DC4DBE38-0ED0-4CD8-A722-9F2C109FE173}.Debug|Any CPU.ActiveCfg = Debug|Any CPU
		{DC4DBE38-0ED0-4CD8-A722-9F2C109FE173}.Debug|Any CPU.Build.0 = Debug|Any CPU
		{DC4DBE38-0ED0-4CD8-A722-9F2C109FE173}.Release|Any CPU.ActiveCfg = Release|Any CPU
		{DC4DBE38-0ED0-4CD8-A722-9F2C109FE173}.Release|Any CPU.Build.0 = Release|Any CPU
		{91DD0785-7D85-4366-AB05-9D00D4CC9415}.Debug|Any CPU.ActiveCfg = Debug|Any CPU
		{91DD0785-7D85-4366-AB05-9D00D4CC9415}.Debug|Any CPU.Build.0 = Debug|Any CPU
		{91DD0785-7D85-4366-AB05-9D00D4CC9415}.Release|Any CPU.ActiveCfg = Release|Any CPU
		{91DD0785-7D85-4366-AB05-9D00D4CC9415}.Release|Any CPU.Build.0 = Release|Any CPU
		{DEB04EA9-72FC-4A8E-82EE-CB02AF8E553A}.Debug|Any CPU.ActiveCfg = Debug|Any CPU
		{DEB04EA9-72FC-4A8E-82EE-CB02AF8E553A}.Debug|Any CPU.Build.0 = Debug|Any CPU
		{DEB04EA9-72FC-4A8E-82EE-CB02AF8E553A}.Release|Any CPU.ActiveCfg = Release|Any CPU
		{DEB04EA9-72FC-4A8E-82EE-CB02AF8E553A}.Release|Any CPU.Build.0 = Release|Any CPU
		{8E451FF0-F8DA-47E6-A787-E72CCF9CB542}.Debug|Any CPU.ActiveCfg = Debug|Any CPU
		{8E451FF0-F8DA-47E6-A787-E72CCF9CB542}.Debug|Any CPU.Build.0 = Debug|Any CPU
		{8E451FF0-F8DA-47E6-A787-E72CCF9CB542}.Release|Any CPU.ActiveCfg = Release|Any CPU
		{8E451FF0-F8DA-47E6-A787-E72CCF9CB542}.Release|Any CPU.Build.0 = Release|Any CPU
	EndGlobalSection
	GlobalSection(SolutionProperties) = preSolution
		HideSolutionNode = FALSE
	EndGlobalSection
	GlobalSection(NestedProjects) = preSolution
		{6CAB7735-05DA-480D-9A04-50615B00F886} = {00CE3107-C47F-4D2B-986B-763181832B51}
		{111FD89D-58A1-4445-B4A4-8A50D65DB714} = {00CE3107-C47F-4D2B-986B-763181832B51}
		{35FFAF24-1019-4BE2-901D-02E627C757DC} = {00CE3107-C47F-4D2B-986B-763181832B51}
		{399C33BF-A9F7-4390-8F9C-8EECF7814123} = {00CE3107-C47F-4D2B-986B-763181832B51}
		{36B1F505-995B-41E7-AAC9-1E845B08F2D7} = {00CE3107-C47F-4D2B-986B-763181832B51}
		{EAA1CA6D-4078-4E7B-B605-1326E80EAA38} = {00CE3107-C47F-4D2B-986B-763181832B51}
		{1B1FCC31-612B-4591-9BAF-95892968CAA7} = {00CE3107-C47F-4D2B-986B-763181832B51}
		{DC4DBE38-0ED0-4CD8-A722-9F2C109FE173} = {00CE3107-C47F-4D2B-986B-763181832B51}
		{A9B54755-56B7-48C1-8941-BB69FCEFFF32} = {4D506DA5-13C1-4B1F-9018-4FDCA066993A}
		{321FD171-880D-472E-9912-EC844889E11A} = {4D506DA5-13C1-4B1F-9018-4FDCA066993A}
		{F588B51F-786A-48E2-950E-636062F9C302} = {4D506DA5-13C1-4B1F-9018-4FDCA066993A}
		{9FFB657C-7099-4594-A1DD-6E9AC5D7171E} = {4D506DA5-13C1-4B1F-9018-4FDCA066993A}
		{45224C3F-B0F1-4D70-8516-B50100DEF79B} = {4D506DA5-13C1-4B1F-9018-4FDCA066993A}
		{192D2C12-9D5C-4D68-96BA-4CD28054E3BC} = {4D506DA5-13C1-4B1F-9018-4FDCA066993A}
		{1D245366-4B41-498E-A42A-4B722428437E} = {5228D234-E4B0-467B-B6C8-FF06B0A98FAF}
		{C8B72F29-32A8-4179-80C8-818C10E584B5} = {5228D234-E4B0-467B-B6C8-FF06B0A98FAF}
		{C1A81AAA-E6F1-4F02-A1C6-A580A746AA38} = {5228D234-E4B0-467B-B6C8-FF06B0A98FAF}
		{6BA5CD5B-CAB6-4F07-A1A6-2701C6F92677} = {5228D234-E4B0-467B-B6C8-FF06B0A98FAF}
		{EF7C2792-A4BD-4BCC-93B4-3927303AA59C} = {5228D234-E4B0-467B-B6C8-FF06B0A98FAF}
		{0D06CCC5-943B-4778-B035-5F069E8C5E94} = {5228D234-E4B0-467B-B6C8-FF06B0A98FAF}
		{25B3E188-1727-4549-BFC1-30702994BDBE} = {5228D234-E4B0-467B-B6C8-FF06B0A98FAF}
		{520F7B99-3CD9-495A-B410-656864ADD813} = {1D245366-4B41-498E-A42A-4B722428437E}
		{6E257D26-EAEA-4680-BC7A-34210A74E928} = {1D245366-4B41-498E-A42A-4B722428437E}
		{B3601484-0AB7-424F-BA81-A8CC809AB41A} = {C8B72F29-32A8-4179-80C8-818C10E584B5}
		{9803265F-B0AF-4171-A770-0871CD2A593E} = {C8B72F29-32A8-4179-80C8-818C10E584B5}
		{AA029EE0-D199-41D1-8D97-BDC5945B3CDD} = {C1A81AAA-E6F1-4F02-A1C6-A580A746AA38}
		{52E0A229-CE15-4B72-8ACF-F17DCB929A64} = {C1A81AAA-E6F1-4F02-A1C6-A580A746AA38}
		{22AE34D9-185F-41A7-A48D-205BE68B1F7D} = {6BA5CD5B-CAB6-4F07-A1A6-2701C6F92677}
		{299970D4-781F-4778-BCF2-F53AE7D8B060} = {6BA5CD5B-CAB6-4F07-A1A6-2701C6F92677}
		{6C4AEA1A-CF85-4574-B24A-2C264ED0FEC3} = {EF7C2792-A4BD-4BCC-93B4-3927303AA59C}
		{A90A40C4-4D48-4D0B-BE9B-432510EB1057} = {EF7C2792-A4BD-4BCC-93B4-3927303AA59C}
		{B6912CC5-1E73-46E0-8F09-7F135924E3E2} = {0D06CCC5-943B-4778-B035-5F069E8C5E94}
		{8780AC10-ACEB-4CAB-A591-FF6C76D3E122} = {0D06CCC5-943B-4778-B035-5F069E8C5E94}
		{9863B9FA-1DE6-48D5-A84D-FB8FE2025303} = {25B3E188-1727-4549-BFC1-30702994BDBE}
		{22DB6C17-5E90-42C8-9621-E8BAB32EB656} = {25B3E188-1727-4549-BFC1-30702994BDBE}
		{91DD0785-7D85-4366-AB05-9D00D4CC9415} = {D4FE03EB-A2FD-4576-B093-A3112E21EB47}
		{DEB04EA9-72FC-4A8E-82EE-CB02AF8E553A} = {D4FE03EB-A2FD-4576-B093-A3112E21EB47}
		{8E451FF0-F8DA-47E6-A787-E72CCF9CB542} = {D4FE03EB-A2FD-4576-B093-A3112E21EB47}
	EndGlobalSection
EndGlobal
